
Microsoft Visual Studio Solution File, Format Version 12.00
# Visual Studio Version 16
VisualStudioVersion = 16.0.31321.278
MinimumVisualStudioVersion = 10.0.40219.1
Project("{FAE04EC0-301F-11D3-BF4B-00C04F79EFBC}") = "Chapter6-FormPrac", "Chapter06-FormPrac\Chapter6-FormPrac.csproj", "{D377694F-D9A2-428C-B4E3-5CE7985F1A22}"
EndProject
Global
	GlobalSection(SolutionConfigurationPlatforms) = preSolution
		Debug|Any CPU = Debug|Any CPU
		Release|Any CPU = Release|Any CPU
	EndGlobalSection
	GlobalSection(ProjectConfigurationPlatforms) = postSolution
		{D377694F-D9A2-428C-B4E3-5CE7985F1A22}.Debug|Any CPU.ActiveCfg = Debug|Any CPU
		{D377694F-D9A2-428C-B4E3-5CE7985F1A22}.Debug|Any CPU.Build.0 = Debug|Any CPU
		{D377694F-D9A2-428C-B4E3-5CE7985F1A22}.Release|Any CPU.ActiveCfg = Release|Any CPU
		{D377694F-D9A2-428C-B4E3-5CE7985F1A22}.Release|Any CPU.Build.0 = Release|Any CPU
	EndGlobalSection
	GlobalSection(SolutionProperties) = preSolution
		HideSolutionNode = FALSE
	EndGlobalSection
	GlobalSection(ExtensibilityGlobals) = postSolution
		SolutionGuid = {B6FB4A67-4786-4D92-885E-84CBF8FF6C82}
	EndGlobalSection
EndGlobal
